
Microsoft Visual Studio Solution File, Format Version 12.00
# Visual Studio Version 17
VisualStudioVersion = 17.0.31903.59
MinimumVisualStudioVersion = 10.0.40219.1
Project("{FAE04EC0-301F-11D3-BF4B-00C04F79EFBC}") = "SCMS.Domain.TienPVK", "SCMS.Domain.TienPVK\SCMS.Domain.TienPVK.csproj", "{15380156-74FA-4C52-B9E2-284C122E3E92}"
EndProject
Project("{FAE04EC0-301F-11D3-BF4B-00C04F79EFBC}") = "SCMS.Repository.TienPVK", "SCMS.Repository.TienPVK\SCMS.Repository.TienPVK.csproj", "{8999A6CE-30AF-45FB-8D64-BFC02F379653}"
EndProject
Project("{FAE04EC0-301F-11D3-BF4B-00C04F79EFBC}") = "SCMS.Service.TienPVK", "SCMS.Service.TienPVK\SCMS.Service.TienPVK.csproj", "{436BD9E9-DFBE-46D6-9754-0474295445CC}"
EndProject
Project("{FAE04EC0-301F-11D3-BF4B-00C04F79EFBC}") = "SCMS.RazorWebApp.TienPVK", "SCMS.RazorWebApp.TienPVK\SCMS.RazorWebApp.TienPVK.csproj", "{AB960D2A-EAA1-4291-BEE3-3290EF261E8F}"
EndProject
Global
	GlobalSection(SolutionConfigurationPlatforms) = preSolution
		Debug|Any CPU = Debug|Any CPU
		Release|Any CPU = Release|Any CPU
	EndGlobalSection
	GlobalSection(SolutionProperties) = preSolution
		HideSolutionNode = FALSE
	EndGlobalSection
	GlobalSection(ProjectConfigurationPlatforms) = postSolution
		{15380156-74FA-4C52-B9E2-284C122E3E92}.Debug|Any CPU.ActiveCfg = Debug|Any CPU
		{15380156-74FA-4C52-B9E2-284C122E3E92}.Debug|Any CPU.Build.0 = Debug|Any CPU
		{15380156-74FA-4C52-B9E2-284C122E3E92}.Release|Any CPU.ActiveCfg = Release|Any CPU
		{15380156-74FA-4C52-B9E2-284C122E3E92}.Release|Any CPU.Build.0 = Release|Any CPU
		{8999A6CE-30AF-45FB-8D64-BFC02F379653}.Debug|Any CPU.ActiveCfg = Debug|Any CPU
		{8999A6CE-30AF-45FB-8D64-BFC02F379653}.Debug|Any CPU.Build.0 = Debug|Any CPU
		{8999A6CE-30AF-45FB-8D64-BFC02F379653}.Release|Any CPU.ActiveCfg = Release|Any CPU
		{8999A6CE-30AF-45FB-8D64-BFC02F379653}.Release|Any CPU.Build.0 = Release|Any CPU
		{436BD9E9-DFBE-46D6-9754-0474295445CC}.Debug|Any CPU.ActiveCfg = Debug|Any CPU
		{436BD9E9-DFBE-46D6-9754-0474295445CC}.Debug|Any CPU.Build.0 = Debug|Any CPU
		{436BD9E9-DFBE-46D6-9754-0474295445CC}.Release|Any CPU.ActiveCfg = Release|Any CPU
		{436BD9E9-DFBE-46D6-9754-0474295445CC}.Release|Any CPU.Build.0 = Release|Any CPU
		{AB960D2A-EAA1-4291-BEE3-3290EF261E8F}.Debug|Any CPU.ActiveCfg = Debug|Any CPU
		{AB960D2A-EAA1-4291-BEE3-3290EF261E8F}.Debug|Any CPU.Build.0 = Debug|Any CPU
		{AB960D2A-EAA1-4291-BEE3-3290EF261E8F}.Release|Any CPU.ActiveCfg = Release|Any CPU
		{AB960D2A-EAA1-4291-BEE3-3290EF261E8F}.Release|Any CPU.Build.0 = Release|Any CPU
	EndGlobalSection
EndGlobal
